
Microsoft Visual Studio Solution File, Format Version 12.00
# Visual Studio 14
VisualStudioVersion = 14.0.25420.1
MinimumVisualStudioVersion = 10.0.40219.1
Project("{FAE04EC0-301F-11D3-BF4B-00C04F79EFBC}") = "HabeshaCrafts", "HabeshaCrafts\HabeshaCrafts.csproj", "{9A180A31-D5C2-437E-BB4C-24BE55A28E81}"
EndProject
Global
	GlobalSection(SolutionConfigurationPlatforms) = preSolution
		Debug|Any CPU = Debug|Any CPU
		Release|Any CPU = Release|Any CPU
	EndGlobalSection
	GlobalSection(ProjectConfigurationPlatforms) = postSolution
		{9A180A31-D5C2-437E-BB4C-24BE55A28E81}.Debug|Any CPU.ActiveCfg = Debug|Any CPU
		{9A180A31-D5C2-437E-BB4C-24BE55A28E81}.Debug|Any CPU.Build.0 = Debug|Any CPU
		{9A180A31-D5C2-437E-BB4C-24BE55A28E81}.Release|Any CPU.ActiveCfg = Release|Any CPU
		{9A180A31-D5C2-437E-BB4C-24BE55A28E81}.Release|Any CPU.Build.0 = Release|Any CPU
	EndGlobalSection
	GlobalSection(SolutionProperties) = preSolution
		HideSolutionNode = FALSE
	EndGlobalSection
EndGlobal
